
Microsoft Visual Studio Solution File, Format Version 12.00
# Visual Studio Version 16
VisualStudioVersion = 16.0.29020.237
MinimumVisualStudioVersion = 10.0.40219.1
Project("{FAE04EC0-301F-11D3-BF4B-00C04F79EFBC}") = "WsAncertCommunication", "WsAncertCommunication\WsAncertCommunication.csproj", "{C8591E52-85E4-40B8-99CD-364DC2186EC8}"
EndProject
Global
	GlobalSection(SolutionConfigurationPlatforms) = preSolution
		Debug|Any CPU = Debug|Any CPU
		Release|Any CPU = Release|Any CPU
	EndGlobalSection
	GlobalSection(ProjectConfigurationPlatforms) = postSolution
		{C8591E52-85E4-40B8-99CD-364DC2186EC8}.Debug|Any CPU.ActiveCfg = Debug|Any CPU
		{C8591E52-85E4-40B8-99CD-364DC2186EC8}.Debug|Any CPU.Build.0 = Debug|Any CPU
		{C8591E52-85E4-40B8-99CD-364DC2186EC8}.Release|Any CPU.ActiveCfg = Release|Any CPU
		{C8591E52-85E4-40B8-99CD-364DC2186EC8}.Release|Any CPU.Build.0 = Release|Any CPU
	EndGlobalSection
	GlobalSection(SolutionProperties) = preSolution
		HideSolutionNode = FALSE
	EndGlobalSection
	GlobalSection(ExtensibilityGlobals) = postSolution
		SolutionGuid = {16DA6D4A-8F19-4F1E-833B-FF57B6717C9E}
	EndGlobalSection
EndGlobal
